
Microsoft Visual Studio Solution File, Format Version 12.00
# Visual Studio Version 17
VisualStudioVersion = 17.14.36603.0 d17.14
MinimumVisualStudioVersion = 10.0.40219.1
Project("{FAE04EC0-301F-11D3-BF4B-00C04F79EFBC}") = "Server_API_With_SignalR_For_Messager_01", "Server_API_With_SignalR_For_Messager_01\Server_API_With_SignalR_For_Messager_01.csproj", "{998CB772-668C-431C-93D9-5FBB42DBF158}"
EndProject
Global
	GlobalSection(SolutionConfigurationPlatforms) = preSolution
		Debug|Any CPU = Debug|Any CPU
		Release|Any CPU = Release|Any CPU
	EndGlobalSection
	GlobalSection(ProjectConfigurationPlatforms) = postSolution
		{998CB772-668C-431C-93D9-5FBB42DBF158}.Debug|Any CPU.ActiveCfg = Debug|Any CPU
		{998CB772-668C-431C-93D9-5FBB42DBF158}.Debug|Any CPU.Build.0 = Debug|Any CPU
		{998CB772-668C-431C-93D9-5FBB42DBF158}.Release|Any CPU.ActiveCfg = Release|Any CPU
		{998CB772-668C-431C-93D9-5FBB42DBF158}.Release|Any CPU.Build.0 = Release|Any CPU
	EndGlobalSection
	GlobalSection(SolutionProperties) = preSolution
		HideSolutionNode = FALSE
	EndGlobalSection
	GlobalSection(ExtensibilityGlobals) = postSolution
		SolutionGuid = {BDB5B9FB-4A20-49F4-887A-65435EE71A87}
	EndGlobalSection
EndGlobal
